
Microsoft Visual Studio Solution File, Format Version 12.00
# Visual Studio Version 17
VisualStudioVersion = 17.9.34728.123
MinimumVisualStudioVersion = 10.0.40219.1
Project("{9A19103F-16F7-4668-BE54-9A1E7A4F7556}") = "Demo-Paint-Winforms", "Demo-Paint-Winforms.csproj", "{2F84BDC7-3252-404B-9801-4FDF129BB914}"
EndProject
Global
	GlobalSection(SolutionConfigurationPlatforms) = preSolution
		Debug|Any CPU = Debug|Any CPU
		Release|Any CPU = Release|Any CPU
	EndGlobalSection
	GlobalSection(ProjectConfigurationPlatforms) = postSolution
		{2F84BDC7-3252-404B-9801-4FDF129BB914}.Debug|Any CPU.ActiveCfg = Debug|Any CPU
		{2F84BDC7-3252-404B-9801-4FDF129BB914}.Debug|Any CPU.Build.0 = Debug|Any CPU
		{2F84BDC7-3252-404B-9801-4FDF129BB914}.Release|Any CPU.ActiveCfg = Release|Any CPU
		{2F84BDC7-3252-404B-9801-4FDF129BB914}.Release|Any CPU.Build.0 = Release|Any CPU
	EndGlobalSection
	GlobalSection(SolutionProperties) = preSolution
		HideSolutionNode = FALSE
	EndGlobalSection
	GlobalSection(ExtensibilityGlobals) = postSolution
		SolutionGuid = {ECD98CB4-8035-4930-9AFE-D0FF7805654C}
	EndGlobalSection
EndGlobal
